{
  "name": "common",
  "version": "0.0.1",
  "lockfileVersion": 3,
  "requires": true,
  "packages": {
    "": {
      "name": "common",
      "version": "0.0.1",
      "license": "ISC",
      "dependencies": {
        "guid": "^0.0.12"
      }
    },
    "node_modules/guid": {
      "version": "0.0.12",
      "resolved": "https://registry.npmjs.org/guid/-/guid-0.0.12.tgz",
      "integrity": "sha512-J0MCgzgJcvLarLGTeVIhXdQwqlEJ9rxmxc/X71GR4VR5V/BIQ9FFfzGL52qYKgREQI8qPevc1qFNwB/4VnBuRA==",
      "deprecated": "Please use node-uuid instead. It is much better."
    }
  }
}
